
Microsoft Visual Studio Solution File, Format Version 12.00
# Visual Studio 2017
Project("{FAE04EC0-301F-11D3-BF4B-00C04F79EFBC}") = "VegVisMVC", "VegVisMVC.csproj", "{CEBC4240-888A-4F67-9301-7B1829EE15CD}"
EndProject
Global
	GlobalSection(SolutionConfigurationPlatforms) = preSolution
		Debug|Any CPU = Debug|Any CPU
		Release|Any CPU = Release|Any CPU
	EndGlobalSection
	GlobalSection(ProjectConfigurationPlatforms) = postSolution
		{CEBC4240-888A-4F67-9301-7B1829EE15CD}.Debug|Any CPU.ActiveCfg = Debug|Any CPU
		{CEBC4240-888A-4F67-9301-7B1829EE15CD}.Debug|Any CPU.Build.0 = Debug|Any CPU
		{CEBC4240-888A-4F67-9301-7B1829EE15CD}.Release|Any CPU.ActiveCfg = Release|Any CPU
		{CEBC4240-888A-4F67-9301-7B1829EE15CD}.Release|Any CPU.Build.0 = Release|Any CPU
	EndGlobalSection
EndGlobal
